SITE
  remote: http://community.opscode.com/api/v1
  specs:
    apt (1.3.2)
    aws (0.99.1)
    bluepill (1.0.0)
    build-essential (1.0.0)
    database (1.1.2)
      aws (>= 0.0.0)
      mysql (>= 1.2.0)
      postgresql (>= 0.0.0)
      xfs (>= 0.0.0)
    git (0.10.0)
      runit (>= 0.0.0)
      yum (>= 0.0.0)
    mysql (1.2.4)
      openssl (>= 0.0.0)
    nginx (0.100.0)
      bluepill (>= 0.0.0)
      build-essential (>= 0.0.0)
      runit (>= 0.0.0)
    openssl (1.0.0)
    postgresql (0.99.2)
      openssl (>= 0.0.0)
    runit (0.14.2)
    xfs (1.0.0)
    yum (0.5.2)

PATH
  remote: cookbooks-sources
  specs:
    cloudfoundry-cloud_controller (0.0.1)
      bluepill (>= 0.0.0)
      cloudfoundry-common (>= 0.0.0)
      database (>= 0.0.0)
      mysql (>= 0.0.0)
      postgresql (>= 0.0.0)
    cloudfoundry-common (0.0.1)
      apt (>= 0.0.0)
      rbenv (>= 0.0.0)
    cloudfoundry-dea (0.0.1)
      bluepill (>= 0.0.0)
      cloudfoundry-common (>= 0.0.0)
    cloudfoundry-health_manager (0.0.1)
      bluepill (>= 0.0.0)
      cloudfoundry-common (>= 0.0.0)
    cloudfoundry-mysql-service (0.0.1)
      bluepill (>= 0.0.0)
      cloudfoundry-common (>= 0.0.0)
      mysql (>= 0.0.0)
    cloudfoundry-router (0.0.1)
      bluepill (>= 0.0.0)
      cloudfoundry-common (>= 0.0.0)
      nginx (>= 0.0.0)
    cloudfoundry-ruby-runtime (0.0.1)
      rbenv (>= 0.0.0)
    nats-server (0.0.1)
      bluepill (>= 0.0.0)
      cloudfoundry-common (>= 0.0.0)
    rbenv (1.0.1)
      git (>= 0.0.0)

DEPENDENCIES
  cloudfoundry-cloud_controller (>= 0)
  cloudfoundry-common (>= 0)
  cloudfoundry-dea (>= 0)
  cloudfoundry-health_manager (>= 0)
  cloudfoundry-mysql-service (>= 0)
  cloudfoundry-router (>= 0)
  cloudfoundry-ruby-runtime (>= 0)
  nats-server (>= 0)
  rbenv (>= 0)

